
Microsoft Visual Studio Solution File, Format Version 12.00
# Visual Studio Version 16
VisualStudioVersion = 16.0.30807.88
MinimumVisualStudioVersion = 10.0.40219.1
Project("{FAE04EC0-301F-11D3-BF4B-00C04F79EFBC}") = "Analyzer1", "Analyzer1\Analyzer1\Analyzer1.csproj", "{602BC3B6-872A-44D6-AC85-095378DDA5C4}"
EndProject
Project("{FAE04EC0-301F-11D3-BF4B-00C04F79EFBC}") = "Analyzer1.CodeFixes", "Analyzer1\Analyzer1.CodeFixes\Analyzer1.CodeFixes.csproj", "{1BDF4797-03AF-4B3A-B71C-5D847EB7B7D2}"
EndProject
Project("{FAE04EC0-301F-11D3-BF4B-00C04F79EFBC}") = "Analyzer1.Package", "Analyzer1\Analyzer1.Package\Analyzer1.Package.csproj", "{CCF513E7-BC2E-4924-9836-A598608C4BA7}"
EndProject
Project("{FAE04EC0-301F-11D3-BF4B-00C04F79EFBC}") = "Analyzer1.Test", "Analyzer1\Analyzer1.Test\Analyzer1.Test.csproj", "{783A8B88-E539-4DD5-B50F-1602F54A28CC}"
EndProject
Project("{FAE04EC0-301F-11D3-BF4B-00C04F79EFBC}") = "Analyzer1.Vsix", "Analyzer1\Analyzer1.Vsix\Analyzer1.Vsix.csproj", "{0ED68E96-5EB4-41D5-B87C-DE6D3DB1E805}"
EndProject
Global
	GlobalSection(SolutionConfigurationPlatforms) = preSolution
		Debug|Any CPU = Debug|Any CPU
		Release|Any CPU = Release|Any CPU
	EndGlobalSection
	GlobalSection(ProjectConfigurationPlatforms) = postSolution
		{602BC3B6-872A-44D6-AC85-095378DDA5C4}.Debug|Any CPU.ActiveCfg = Debug|Any CPU
		{602BC3B6-872A-44D6-AC85-095378DDA5C4}.Debug|Any CPU.Build.0 = Debug|Any CPU
		{602BC3B6-872A-44D6-AC85-095378DDA5C4}.Release|Any CPU.ActiveCfg = Release|Any CPU
		{602BC3B6-872A-44D6-AC85-095378DDA5C4}.Release|Any CPU.Build.0 = Release|Any CPU
		{1BDF4797-03AF-4B3A-B71C-5D847EB7B7D2}.Debug|Any CPU.ActiveCfg = Debug|Any CPU
		{1BDF4797-03AF-4B3A-B71C-5D847EB7B7D2}.Debug|Any CPU.Build.0 = Debug|Any CPU
		{1BDF4797-03AF-4B3A-B71C-5D847EB7B7D2}.Release|Any CPU.ActiveCfg = Release|Any CPU
		{1BDF4797-03AF-4B3A-B71C-5D847EB7B7D2}.Release|Any CPU.Build.0 = Release|Any CPU
		{CCF513E7-BC2E-4924-9836-A598608C4BA7}.Debug|Any CPU.ActiveCfg = Debug|Any CPU
		{CCF513E7-BC2E-4924-9836-A598608C4BA7}.Debug|Any CPU.Build.0 = Debug|Any CPU
		{CCF513E7-BC2E-4924-9836-A598608C4BA7}.Release|Any CPU.ActiveCfg = Release|Any CPU
		{CCF513E7-BC2E-4924-9836-A598608C4BA7}.Release|Any CPU.Build.0 = Release|Any CPU
		{783A8B88-E539-4DD5-B50F-1602F54A28CC}.Debug|Any CPU.ActiveCfg = Debug|Any CPU
		{783A8B88-E539-4DD5-B50F-1602F54A28CC}.Debug|Any CPU.Build.0 = Debug|Any CPU
		{783A8B88-E539-4DD5-B50F-1602F54A28CC}.Release|Any CPU.ActiveCfg = Release|Any CPU
		{783A8B88-E539-4DD5-B50F-1602F54A28CC}.Release|Any CPU.Build.0 = Release|Any CPU
		{0ED68E96-5EB4-41D5-B87C-DE6D3DB1E805}.Debug|Any CPU.ActiveCfg = Debug|Any CPU
		{0ED68E96-5EB4-41D5-B87C-DE6D3DB1E805}.Debug|Any CPU.Build.0 = Debug|Any CPU
		{0ED68E96-5EB4-41D5-B87C-DE6D3DB1E805}.Release|Any CPU.ActiveCfg = Release|Any CPU
		{0ED68E96-5EB4-41D5-B87C-DE6D3DB1E805}.Release|Any CPU.Build.0 = Release|Any CPU
	EndGlobalSection
	GlobalSection(SolutionProperties) = preSolution
		HideSolutionNode = FALSE
	EndGlobalSection
	GlobalSection(ExtensibilityGlobals) = postSolution
		SolutionGuid = {06ED84B1-D76B-4DCB-B06C-5FB809D6ECFA}
	EndGlobalSection
EndGlobal
